
Microsoft Visual Studio Solution File, Format Version 12.00
# Visual Studio Version 16
VisualStudioVersion = 16.0.31515.178
MinimumVisualStudioVersion = 10.0.40219.1
Project("{FAE04EC0-301F-11D3-BF4B-00C04F79EFBC}") = "ChallengeMode", "ChallengeMode\ChallengeMode.csproj", "{BB614E90-CC24-4763-9AA5-655CBC0EC5B5}"
EndProject
Global
	GlobalSection(SolutionConfigurationPlatforms) = preSolution
		Debug|Any CPU = Debug|Any CPU
		Release|Any CPU = Release|Any CPU
	EndGlobalSection
	GlobalSection(ProjectConfigurationPlatforms) = postSolution
		{BB614E90-CC24-4763-9AA5-655CBC0EC5B5}.Debug|Any CPU.ActiveCfg = Debug|Any CPU
		{BB614E90-CC24-4763-9AA5-655CBC0EC5B5}.Debug|Any CPU.Build.0 = Debug|Any CPU
		{BB614E90-CC24-4763-9AA5-655CBC0EC5B5}.Release|Any CPU.ActiveCfg = Release|Any CPU
		{BB614E90-CC24-4763-9AA5-655CBC0EC5B5}.Release|Any CPU.Build.0 = Release|Any CPU
	EndGlobalSection
	GlobalSection(SolutionProperties) = preSolution
		HideSolutionNode = FALSE
	EndGlobalSection
	GlobalSection(ExtensibilityGlobals) = postSolution
		SolutionGuid = {C509D797-C7EF-42D4-A4CE-F937354EA9DD}
	EndGlobalSection
EndGlobal
